{
  "version": "2",
  "remote": {
    "https://deno.land/std@0.62.0/_util/assert.ts": "e1f76e77c5ccb5a8e0dbbbe6cce3a56d2556c8cb5a9a8802fc9565af72462149",
    "https://deno.land/std@0.62.0/archive/tar.ts": "8bb9fb4cdf52d27726a55ae0ce8611662b03e1657a8bf72beb1655205ac33eb9",
    "https://deno.land/std@0.62.0/bytes/mod.ts": "b1a149ac741728db00bda9ce1a2d044f248edd5ac95e708a6cc501bfd3adb4a7",
    "https://deno.land/std@0.62.0/encoding/utf8.ts": "8654fa820aa69a37ec5eb11908e20b39d056c9bf1c23ab294303ff467f3d50a1",
    "https://deno.land/std@0.62.0/fs/_util.ts": "68508c05d5a02678179a02beabf2b3eac5b16c5a9cbd1c272686d8101bb2679d",
    "https://deno.land/std@0.62.0/fs/ensure_dir.ts": "54cf0cfb16160857116d1bdff98214ad0189275fe2f089607fdc06c52ac79cc4",
    "https://deno.land/std@0.62.0/fs/ensure_file.ts": "b70eccaee6f41ae226d399ad9c8ebc29beb5dd86fe179d30ab7e681976352baf",
    "https://deno.land/std@0.62.0/io/bufio.ts": "e76c5b7bf978a638aae6f62b87efde3ab7203b85902ce9b84ac8388c8c2bb104",
    "https://deno.land/std@0.62.0/io/readers.ts": "4c2e98abf2a2a1d5e2adaf460479a1c69f742951c1bc141b26654d2f5248b663",
    "https://deno.land/std@0.62.0/node/_util/_util_callbackify.ts": "50f980fafc0b12172ba53b26036835f55dd3296b46556a227f8616b0682179e0",
    "https://deno.land/std@0.62.0/node/_util/_util_promisify.ts": "35f7b8a4123d3a44b1aa349ada9b671fb096cb1144520482767ed72a8799708f",
    "https://deno.land/std@0.62.0/node/_util/_util_types.ts": "217a4c1055289f25d1dc9097638aeeb7662136d34e6f49df5f27038872dc8d6f",
    "https://deno.land/std@0.62.0/node/_utils.ts": "786b4f364609c8066dda897a9557d00c2a3a48e884ad734549c2ced692509d97",
    "https://deno.land/std@0.62.0/node/events.ts": "b9291714b6a51d2de17206f28943314672cc31ec3bc937b6045e8e731f3a8881",
    "https://deno.land/std@0.62.0/node/util.ts": "2399b5b640683221cdab13ac94e0c16d62f74d5ba80ef2313aed731a9b0ab1d4",
    "https://deno.land/std@0.62.0/path/_constants.ts": "e11f32a36644e04dce243f3c1f30c02cc5d149827f48a755628176f0707cfc70",
    "https://deno.land/std@0.62.0/path/_globrex.ts": "cfd1af99fb5ed2eff9b49aef994cdf7a14a5d26cd32b14c60b27bfff49839c82",
    "https://deno.land/std@0.62.0/path/_interface.ts": "5876f91d35fd42624893a4aaddaee352144e1f46e719f1dde6511bab7c3c1029",
    "https://deno.land/std@0.62.0/path/_util.ts": "f0fa012d40ae9b6acbef03908e534eb11e694de6470fb4d78ea4f38829e735ab",
    "https://deno.land/std@0.62.0/path/common.ts": "e4ec66a7416d56f60331b66e27a8a4f08c7b1cf48e350271cb69754a01cf5c04",
    "https://deno.land/std@0.62.0/path/glob.ts": "dbcda011329b5ba0f955823e578af19a8bf8d01586a07925b42affe885544e62",
    "https://deno.land/std@0.62.0/path/mod.ts": "6de8885c2534757097818e302becd1cefcbc4c28ac022cc279e612ee04e8cfd1",
    "https://deno.land/std@0.62.0/path/posix.ts": "018dd955e0a6b6fffed55acd34ea2f4fb734aec3c9feb842e50b144c1bdb0851",
    "https://deno.land/std@0.62.0/path/separator.ts": "9dd15d46ff84a16e13554f56af7fee1f85f8d0f379efbbe60ac066a60561f036",
    "https://deno.land/std@0.62.0/path/win32.ts": "90261b763121538e8133ee7f2995987d4871debfe029456c5c7000207f45317c",
    "https://deno.land/x/compress@v0.3.3/deps.ts": "dc069b1e1246320e9d468191ef7beef1181e9ee473627d2cb69814e4faad8041",
    "https://deno.land/x/compress@v0.3.3/gzip/gzip.ts": "e0132fb8af25fd4256125cc701dd4f4a590f93d6604d42ab1dfc4679efb5d950",
    "https://deno.land/x/compress@v0.3.3/gzip/gzip_file.ts": "4d23399c1b17a6e65ce2e7dcb3fad0bc81b9920d010bd50b53c468de226c818c",
    "https://deno.land/x/compress@v0.3.3/gzip/gzip_stream.ts": "9d4291c5ef3b7abce05b16450f7a0bcdd1c7d12ecd113417578d90e02eebb760",
    "https://deno.land/x/compress@v0.3.3/gzip/mod.ts": "42a51f43eedbdc8522dec16c6ef58671f06b1ba270b86a14780af8a0bc017366",
    "https://deno.land/x/compress@v0.3.3/gzip/writer_gunzip.ts": "0e08971118dc7f22f67312f0700c8a854bec747c28c183e4c1cf5d6d7c5ef19d",
    "https://deno.land/x/compress@v0.3.3/gzip/writer_gzip.ts": "151d731e84dccdcaee2fde7b668a8ae0dc8f300f36b14a60202747113abeb151",
    "https://deno.land/x/compress@v0.3.3/interface.ts": "169067c1fc3c6ac677afbffd2df59418a4927d851252fac67b881ada4dd6a1ba",
    "https://deno.land/x/compress@v0.3.3/mod.ts": "19be50e35e5bf50bfbf7895ae953aa30314fdd10bff2f919a7417cca5ded55a6",
    "https://deno.land/x/compress@v0.3.3/tar/mod.ts": "25f90688c3fbd9729cfffa563bb36f8d6593d3953fec3e1621b8bfd8798d7f1b",
    "https://deno.land/x/compress@v0.3.3/tgz/mod.ts": "9a6e0cc0fe25f62f8e708a328542da8dd69abb6e6c8abb01b5511bb1272d69dc",
    "https://deno.land/x/compress@v0.3.3/utils/uint8.ts": "7d15b88caaab8ac22330ce9660a78a778435d0ae7d52e3ab3762ef64d17ed66d",
    "https://deno.land/x/compress@v0.3.3/zlib/deflate.ts": "0b961469e76f67adbfb52ca72ae110de123710647885816de69b7c1a697c681c",
    "https://deno.land/x/compress@v0.3.3/zlib/inflate.ts": "450ff50e1d7d9716f3afcf0468d391775f87a17824ec203e02fc706404cb641f",
    "https://deno.land/x/compress@v0.3.3/zlib/mod.ts": "4dca9c1e934b7ab27f31c318abd7bfd39b09be96fd76ba27bd46f3a4e73b4ad0",
    "https://deno.land/x/compress@v0.3.3/zlib/zlib/adler32.ts": "e34c7596d63a655755c4b0a44a40d4f9c1d1c4d3b891e5c1f3f840f8939e1940",
    "https://deno.land/x/compress@v0.3.3/zlib/zlib/crc32.ts": "b9bc4adaf327d32585205d1176bd52f6453c06dd1040544611d4c869e638119c",
    "https://deno.land/x/compress@v0.3.3/zlib/zlib/deflate.ts": "cbc9001f1b92f3476c8da60da65a4c0e80ee2408d7a89bfd74dc39510616110b",
    "https://deno.land/x/compress@v0.3.3/zlib/zlib/gzheader.ts": "11e6da7383447aae9791308dc2350a809fa341a876a2da396b03a2a31408c20c",
    "https://deno.land/x/compress@v0.3.3/zlib/zlib/inffast.ts": "282daf5ea16bb876d26e342f3c24fe1a8ec84640e713a970b02232955a853f86",
    "https://deno.land/x/compress@v0.3.3/zlib/zlib/inflate.ts": "eb4c082c1b261718be7bd877573b1b1bede026cf7ba1f038a2af6a5f4889a254",
    "https://deno.land/x/compress@v0.3.3/zlib/zlib/inftrees.ts": "8a6d765a5c42bf3b6990060cabbe52e88493f8ce6d082e6e35d97756914cfb8e",
    "https://deno.land/x/compress@v0.3.3/zlib/zlib/messages.ts": "c82229bd67ccc3b6162f3aca1c5e7f936e546aa91ac9a9ac4fcfefc3a9dc5ac8",
    "https://deno.land/x/compress@v0.3.3/zlib/zlib/status.ts": "5987864d2d43d59bbbfa2e6ef4d5a07284c1d10489cc5843ddf41ac547957ac3",
    "https://deno.land/x/compress@v0.3.3/zlib/zlib/trees.ts": "6575455707d62cd430f3fd1634cdb10ab6ac00212df11b6a7b31f1acc4ed0675",
    "https://deno.land/x/compress@v0.3.3/zlib/zlib/zstream.ts": "c110fd5919235e317d64933852e24a1bba0126202be592e90e58f7b19315ad93",
    "https://deno.land/x/crc32@v0.2.0/mod.ts": "de7a3fa2d4ef24b96fc21e1cc4d2d65d1d2b1dcea92f63960e3e11bfa82df0fa",
    "https://deno.land/x/esbuild@v0.11.23/mod.d.ts": "9fcffafda665cdf9253e99115bb9bc9efbd9b13699acf29d3dbad6830a1c9de2",
    "https://deno.land/x/esbuild@v0.11.23/mod.js": "e32bac1e61f1664bde2ebe28fd955ee7745132f261f37ab3754c45b1b8173bfe"
  }
}
